// !$*UTF8*$!
{
	archiveVersion = 1;
	classes = {
	};
	objectVersion = 46;
	objects = {

/* Begin PBXBuildFile section */
		603322B41BD2AA2D0064B8BB /* SuperDate.swift in Sources */ = {isa = PBXBuildFile; fileRef = 603322B31BD2AA2D0064B8BB /* SuperDate.swift */; settings = {ASSET_TAGS = (); }; };
		603322BE1BD2B8F20064B8BB /* DatePickerTextField.swift in Sources */ = {isa = PBXBuildFile; fileRef = 603322BD1BD2B8F20064B8BB /* DatePickerTextField.swift */; settings = {ASSET_TAGS = (); }; };
		603322C11BD2C12C0064B8BB /* SwiftUtils.h in Headers */ = {isa = PBXBuildFile; fileRef = 6047B6531BD158C900B87B23 /* SwiftUtils.h */; settings = {ATTRIBUTES = (Public, ); }; };
		603322C31BD2D2FF0064B8BB /* DatePickerTextFieldDelegate.swift in Sources */ = {isa = PBXBuildFile; fileRef = 603322C21BD2D2FF0064B8BB /* DatePickerTextFieldDelegate.swift */; settings = {ASSET_TAGS = (); }; };
		6047B65B1BD158C900B87B23 /* SwiftUtils.framework in Frameworks */ = {isa = PBXBuildFile; fileRef = 6047B6501BD158C900B87B23 /* SwiftUtils.framework */; settings = {ASSET_TAGS = (); }; };
		6047B6601BD158C900B87B23 /* SwiftUtilsTests.swift in Sources */ = {isa = PBXBuildFile; fileRef = 6047B65F1BD158C900B87B23 /* SwiftUtilsTests.swift */; };
		6047B6701BD15AD900B87B23 /* DatePickerPop.swift in Sources */ = {isa = PBXBuildFile; fileRef = 6047B66D1BD15AD900B87B23 /* DatePickerPop.swift */; settings = {ASSET_TAGS = (); }; };
		6047B6711BD15AD900B87B23 /* DatePickerPopViewController.swift in Sources */ = {isa = PBXBuildFile; fileRef = 6047B66E1BD15AD900B87B23 /* DatePickerPopViewController.swift */; settings = {ASSET_TAGS = (); }; };
		6047B6721BD15AD900B87B23 /* DatePickerPopViewController.xib in Resources */ = {isa = PBXBuildFile; fileRef = 6047B66F1BD15AD900B87B23 /* DatePickerPopViewController.xib */; settings = {ASSET_TAGS = (); }; };
/* End PBXBuildFile section */

/* Begin PBXContainerItemProxy section */
		6047B65C1BD158C900B87B23 /* PBXContainerItemProxy */ = {
			isa = PBXContainerItemProxy;
			containerPortal = 6047B6471BD158C900B87B23 /* Project object */;
			proxyType = 1;
			remoteGlobalIDString = 6047B64F1BD158C900B87B23;
			remoteInfo = SwiftUtils;
		};
/* End PBXContainerItemProxy section */

/* Begin PBXFileReference section */
		603322B31BD2AA2D0064B8BB /* SuperDate.swift */ = {isa = PBXFileReference; fileEncoding = 4; lastKnownFileType = sourcecode.swift; path = SuperDate.swift; sourceTree = "<group>"; };
		603322BD1BD2B8F20064B8BB /* DatePickerTextField.swift */ = {isa = PBXFileReference; fileEncoding = 4; lastKnownFileType = sourcecode.swift; path = DatePickerTextField.swift; sourceTree = "<group>"; };
		603322C21BD2D2FF0064B8BB /* DatePickerTextFieldDelegate.swift */ = {isa = PBXFileReference; fileEncoding = 4; lastKnownFileType = sourcecode.swift; path = DatePickerTextFieldDelegate.swift; sourceTree = "<group>"; };
		6047B6501BD158C900B87B23 /* SwiftUtils.framework */ = {isa = PBXFileReference; explicitFileType = wrapper.framework; includeInIndex = 0; path = SwiftUtils.framework; sourceTree = BUILT_PRODUCTS_DIR; };
		6047B6531BD158C900B87B23 /* SwiftUtils.h */ = {isa = PBXFileReference; lastKnownFileType = sourcecode.c.h; path = SwiftUtils.h; sourceTree = "<group>"; };
		6047B6551BD158C900B87B23 /* Info.plist */ = {isa = PBXFileReference; lastKnownFileType = text.plist.xml; path = Info.plist; sourceTree = "<group>"; };
		6047B65A1BD158C900B87B23 /* SwiftUtilsTests.xctest */ = {isa = PBXFileReference; explicitFileType = wrapper.cfbundle; includeInIndex = 0; path = SwiftUtilsTests.xctest; sourceTree = BUILT_PRODUCTS_DIR; };
		6047B65F1BD158C900B87B23 /* SwiftUtilsTests.swift */ = {isa = PBXFileReference; lastKnownFileType = sourcecode.swift; path = SwiftUtilsTests.swift; sourceTree = "<group>"; };
		6047B6611BD158C900B87B23 /* Info.plist */ = {isa = PBXFileReference; lastKnownFileType = text.plist.xml; path = Info.plist; sourceTree = "<group>"; };
		6047B66D1BD15AD900B87B23 /* DatePickerPop.swift */ = {isa = PBXFileReference; fileEncoding = 4; lastKnownFileType = sourcecode.swift; path = DatePickerPop.swift; sourceTree = "<group>"; };
		6047B66E1BD15AD900B87B23 /* DatePickerPopViewController.swift */ = {isa = PBXFileReference; fileEncoding = 4; lastKnownFileType = sourcecode.swift; path = DatePickerPopViewController.swift; sourceTree = "<group>"; };
		6047B66F1BD15AD900B87B23 /* DatePickerPopViewController.xib */ = {isa = PBXFileReference; fileEncoding = 4; lastKnownFileType = file.xib; path = DatePickerPopViewController.xib; sourceTree = "<group>"; };
/* End PBXFileReference section */

/* Begin PBXFrameworksBuildPhase section */
		6047B64C1BD158C900B87B23 /* Frameworks */ = {
			isa = PBXFrameworksBuildPhase;
			buildActionMask = 2147483647;
			files = (
			);
			runOnlyForDeploymentPostprocessing = 0;
		};
		6047B6571BD158C900B87B23 /* Frameworks */ = {
			isa = PBXFrameworksBuildPhase;
			buildActionMask = 2147483647;
			files = (
				6047B65B1BD158C900B87B23 /* SwiftUtils.framework in Frameworks */,
			);
			runOnlyForDeploymentPostprocessing = 0;
		};
/* End PBXFrameworksBuildPhase section */

/* Begin PBXGroup section */
		6047B6461BD158C900B87B23 = {
			isa = PBXGroup;
			children = (
				6047B66B1BD1599400B87B23 /* Controls */,
				6047B66A1BD1598900B87B23 /* Libraries */,
				6047B6521BD158C900B87B23 /* SwiftUtils */,
				6047B65E1BD158C900B87B23 /* SwiftUtilsTests */,
				6047B6511BD158C900B87B23 /* Products */,
			);
			sourceTree = "<group>";
		};
		6047B6511BD158C900B87B23 /* Products */ = {
			isa = PBXGroup;
			children = (
				6047B6501BD158C900B87B23 /* SwiftUtils.framework */,
				6047B65A1BD158C900B87B23 /* SwiftUtilsTests.xctest */,
			);
			name = Products;
			sourceTree = "<group>";
		};
		6047B6521BD158C900B87B23 /* SwiftUtils */ = {
			isa = PBXGroup;
			children = (
				6047B6531BD158C900B87B23 /* SwiftUtils.h */,
				6047B6551BD158C900B87B23 /* Info.plist */,
			);
			path = SwiftUtils;
			sourceTree = "<group>";
		};
		6047B65E1BD158C900B87B23 /* SwiftUtilsTests */ = {
			isa = PBXGroup;
			children = (
				6047B65F1BD158C900B87B23 /* SwiftUtilsTests.swift */,
				6047B6611BD158C900B87B23 /* Info.plist */,
			);
			path = SwiftUtilsTests;
			sourceTree = "<group>";
		};
		6047B66A1BD1598900B87B23 /* Libraries */ = {
			isa = PBXGroup;
			children = (
				603322B31BD2AA2D0064B8BB /* SuperDate.swift */,
			);
			path = Libraries;
			sourceTree = "<group>";
		};
		6047B66B1BD1599400B87B23 /* Controls */ = {
			isa = PBXGroup;
			children = (
				6047B66C1BD15AA000B87B23 /* DatePickerPop */,
			);
			path = Controls;
			sourceTree = "<group>";
		};
		6047B66C1BD15AA000B87B23 /* DatePickerPop */ = {
			isa = PBXGroup;
			children = (
				6047B66D1BD15AD900B87B23 /* DatePickerPop.swift */,
				6047B66E1BD15AD900B87B23 /* DatePickerPopViewController.swift */,
				6047B66F1BD15AD900B87B23 /* DatePickerPopViewController.xib */,
				603322BD1BD2B8F20064B8BB /* DatePickerTextField.swift */,
				603322C21BD2D2FF0064B8BB /* DatePickerTextFieldDelegate.swift */,
			);
			path = DatePickerPop;
			sourceTree = "<group>";
		};
/* End PBXGroup section */

/* Begin PBXHeadersBuildPhase section */
		6047B64D1BD158C900B87B23 /* Headers */ = {
			isa = PBXHeadersBuildPhase;
			buildActionMask = 2147483647;
			files = (
				603322C11BD2C12C0064B8BB /* SwiftUtils.h in Headers */,
			);
			runOnlyForDeploymentPostprocessing = 0;
		};
/* End PBXHeadersBuildPhase section */

/* Begin PBXNativeTarget section */
		6047B64F1BD158C900B87B23 /* SwiftUtils */ = {
			isa = PBXNativeTarget;
			buildConfigurationList = 6047B6641BD158C900B87B23 /* Build configuration list for PBXNativeTarget "SwiftUtils" */;
			buildPhases = (
				6047B64B1BD158C900B87B23 /* Sources */,
				6047B64C1BD158C900B87B23 /* Frameworks */,
				6047B64D1BD158C900B87B23 /* Headers */,
				6047B64E1BD158C900B87B23 /* Resources */,
			);
			buildRules = (
			);
			dependencies = (
			);
			name = SwiftUtils;
			productName = SwiftUtils;
			productReference = 6047B6501BD158C900B87B23 /* SwiftUtils.framework */;
			productType = "com.apple.product-type.framework";
		};
		6047B6591BD158C900B87B23 /* SwiftUtilsTests */ = {
			isa = PBXNativeTarget;
			buildConfigurationList = 6047B6671BD158C900B87B23 /* Build configuration list for PBXNativeTarget "SwiftUtilsTests" */;
			buildPhases = (
				6047B6561BD158C900B87B23 /* Sources */,
				6047B6571BD158C900B87B23 /* Frameworks */,
				6047B6581BD158C900B87B23 /* Resources */,
			);
			buildRules = (
			);
			dependencies = (
				6047B65D1BD158C900B87B23 /* PBXTargetDependency */,
			);
			name = SwiftUtilsTests;
			productName = SwiftUtilsTests;
			productReference = 6047B65A1BD158C900B87B23 /* SwiftUtilsTests.xctest */;
			productType = "com.apple.product-type.bundle.unit-test";
		};
/* End PBXNativeTarget section */

/* Begin PBXProject section */
		6047B6471BD158C900B87B23 /* Project object */ = {
			isa = PBXProject;
			attributes = {
				LastSwiftUpdateCheck = 0700;
				LastUpgradeCheck = 0700;
				ORGANIZATIONNAME = "Michael Chaffee";
				TargetAttributes = {
					6047B64F1BD158C900B87B23 = {
						CreatedOnToolsVersion = 7.0.1;
					};
					6047B6591BD158C900B87B23 = {
						CreatedOnToolsVersion = 7.0.1;
					};
				};
			};
			buildConfigurationList = 6047B64A1BD158C900B87B23 /* Build configuration list for PBXProject "SwiftUtils" */;
			compatibilityVersion = "Xcode 3.2";
			developmentRegion = English;
			hasScannedForEncodings = 0;
			knownRegions = (
				en,
			);
			mainGroup = 6047B6461BD158C900B87B23;
			productRefGroup = 6047B6511BD158C900B87B23 /* Products */;
			projectDirPath = "";
			projectRoot = "";
			targets = (
				6047B64F1BD158C900B87B23 /* SwiftUtils */,
				6047B6591BD158C900B87B23 /* SwiftUtilsTests */,
			);
		};
/* End PBXProject section */

/* Begin PBXResourcesBuildPhase section */
		6047B64E1BD158C900B87B23 /* Resources */ = {
			isa = PBXResourcesBuildPhase;
			buildActionMask = 2147483647;
			files = (
				6047B6721BD15AD900B87B23 /* DatePickerPopViewController.xib in Resources */,
			);
			runOnlyForDeploymentPostprocessing = 0;
		};
		6047B6581BD158C900B87B23 /* Resources */ = {
			isa = PBXResourcesBuildPhase;
			buildActionMask = 2147483647;
			files = (
			);
			runOnlyForDeploymentPostprocessing = 0;
		};
/* End PBXResourcesBuildPhase section */

/* Begin PBXSourcesBuildPhase section */
		6047B64B1BD158C900B87B23 /* Sources */ = {
			isa = PBXSourcesBuildPhase;
			buildActionMask = 2147483647;
			files = (
				603322C31BD2D2FF0064B8BB /* DatePickerTextFieldDelegate.swift in Sources */,
				6047B6711BD15AD900B87B23 /* DatePickerPopViewController.swift in Sources */,
				603322BE1BD2B8F20064B8BB /* DatePickerTextField.swift in Sources */,
				6047B6701BD15AD900B87B23 /* DatePickerPop.swift in Sources */,
				603322B41BD2AA2D0064B8BB /* SuperDate.swift in Sources */,
			);
			runOnlyForDeploymentPostprocessing = 0;
		};
		6047B6561BD158C900B87B23 /* Sources */ = {
			isa = PBXSourcesBuildPhase;
			buildActionMask = 2147483647;
			files = (
				6047B6601BD158C900B87B23 /* SwiftUtilsTests.swift in Sources */,
			);
			runOnlyForDeploymentPostprocessing = 0;
		};
/* End PBXSourcesBuildPhase section */

/* Begin PBXTargetDependency section */
		6047B65D1BD158C900B87B23 /* PBXTargetDependency */ = {
			isa = PBXTargetDependency;
			target = 6047B64F1BD158C900B87B23 /* SwiftUtils */;
			targetProxy = 6047B65C1BD158C900B87B23 /* PBXContainerItemProxy */;
		};
/* End PBXTargetDependency section */

/* Begin XCBuildConfiguration section */
		6047B6621BD158C900B87B23 /* Debug */ = {
			isa = XCBuildConfiguration;
			buildSettings = {
				ALWAYS_SEARCH_USER_PATHS = NO;
				CLANG_CXX_LANGUAGE_STANDARD = "gnu++0x";
				CLANG_CXX_LIBRARY = "libc++";
				CLANG_ENABLE_MODULES = YES;
				CLANG_ENABLE_OBJC_ARC = YES;
				CLANG_WARN_BOOL_CONVERSION = YES;
				CLANG_WARN_CONSTANT_CONVERSION = YES;
				CLANG_WARN_DIRECT_OBJC_ISA_USAGE = YES_ERROR;
				CLANG_WARN_EMPTY_BODY = YES;
				CLANG_WARN_ENUM_CONVERSION = YES;
				CLANG_WARN_INT_CONVERSION = YES;
				CLANG_WARN_OBJC_ROOT_CLASS = YES_ERROR;
				CLANG_WARN_UNREACHABLE_CODE = YES;
				CLANG_WARN__DUPLICATE_METHOD_MATCH = YES;
				"CODE_SIGN_IDENTITY[sdk=iphoneos*]" = "iPhone Developer";
				COPY_PHASE_STRIP = NO;
				CURRENT_PROJECT_VERSION = 1;
				DEBUG_INFORMATION_FORMAT = dwarf;
				ENABLE_STRICT_OBJC_MSGSEND = YES;
				ENABLE_TESTABILITY = YES;
				GCC_C_LANGUAGE_STANDARD = gnu99;
				GCC_DYNAMIC_NO_PIC = NO;
				GCC_NO_COMMON_BLOCKS = YES;
				GCC_OPTIMIZATION_LEVEL = 0;
				GCC_PREPROCESSOR_DEFINITIONS = (
					"DEBUG=1",
					"$(inherited)",
				);
				GCC_WARN_64_TO_32_BIT_CONVERSION = YES;
				GCC_WARN_ABOUT_RETURN_TYPE = YES_ERROR;
				GCC_WARN_UNDECLARED_SELECTOR = YES;
				GCC_WARN_UNINITIALIZED_AUTOS = YES_AGGRESSIVE;
				GCC_WARN_UNUSED_FUNCTION = YES;
				GCC_WARN_UNUSED_VARIABLE = YES;
				IPHONEOS_DEPLOYMENT_TARGET = 9.0;
				MTL_ENABLE_DEBUG_INFO = YES;
				ONLY_ACTIVE_ARCH = YES;
				SDKROOT = iphoneos;
				SWIFT_OPTIMIZATION_LEVEL = "-Onone";
				TARGETED_DEVICE_FAMILY = "1,2";
				VERSIONING_SYSTEM = "apple-generic";
				VERSION_INFO_PREFIX = "";
			};
			name = Debug;
		};
		6047B6631BD158C900B87B23 /* Release */ = {
			isa = XCBuildConfiguration;
			buildSettings = {
				ALWAYS_SEARCH_USER_PATHS = NO;
				CLANG_CXX_LANGUAGE_STANDARD = "gnu++0x";
				CLANG_CXX_LIBRARY = "libc++";
				CLANG_ENABLE_MODULES = YES;
				CLANG_ENABLE_OBJC_ARC = YES;
				CLANG_WARN_BOOL_CONVERSION = YES;
				CLANG_WARN_CONSTANT_CONVERSION = YES;
				CLANG_WARN_DIRECT_OBJC_ISA_USAGE = YES_ERROR;
				CLANG_WARN_EMPTY_BODY = YES;
				CLANG_WARN_ENUM_CONVERSION = YES;
				CLANG_WARN_INT_CONVERSION = YES;
				CLANG_WARN_OBJC_ROOT_CLASS = YES_ERROR;
				CLANG_WARN_UNREACHABLE_CODE = YES;
				CLANG_WARN__DUPLICATE_METHOD_MATCH = YES;
				"CODE_SIGN_IDENTITY[sdk=iphoneos*]" = "iPhone Developer";
				COPY_PHASE_STRIP = NO;
				CURRENT_PROJECT_VERSION = 1;
				DEBUG_INFORMATION_FORMAT = "dwarf-with-dsym";
				ENABLE_NS_ASSERTIONS = NO;
				ENABLE_STRICT_OBJC_MSGSEND = YES;
				GCC_C_LANGUAGE_STANDARD = gnu99;
				GCC_NO_COMMON_BLOCKS = YES;
				GCC_WARN_64_TO_32_BIT_CONVERSION = YES;
				GCC_WARN_ABOUT_RETURN_TYPE = YES_ERROR;
				GCC_WARN_UNDECLARED_SELECTOR = YES;
				GCC_WARN_UNINITIALIZED_AUTOS = YES_AGGRESSIVE;
				GCC_WARN_UNUSED_FUNCTION = YES;
				GCC_WARN_UNUSED_VARIABLE = YES;
				IPHONEOS_DEPLOYMENT_TARGET = 9.0;
				MTL_ENABLE_DEBUG_INFO = NO;
				SDKROOT = iphoneos;
				TARGETED_DEVICE_FAMILY = "1,2";
				VALIDATE_PRODUCT = YES;
				VERSIONING_SYSTEM = "apple-generic";
				VERSION_INFO_PREFIX = "";
			};
			name = Release;
		};
		6047B6651BD158C900B87B23 /* Debug */ = {
			isa = XCBuildConfiguration;
			buildSettings = {
				CLANG_ENABLE_MODULES = YES;
				DEFINES_MODULE = YES;
				DYLIB_COMPATIBILITY_VERSION = 1;
				DYLIB_CURRENT_VERSION = 1;
				DYLIB_INSTALL_NAME_BASE = "@rpath";
				INFOPLIST_FILE = SwiftUtils/Info.plist;
				INSTALL_PATH = "$(LOCAL_LIBRARY_DIR)/Frameworks";
				LD_RUNPATH_SEARCH_PATHS = "$(inherited) @executable_path/Frameworks @loader_path/Frameworks";
				PRODUCT_BUNDLE_IDENTIFIER = com.chaf.SwiftUtils;
				PRODUCT_NAME = "$(TARGET_NAME)";
				SKIP_INSTALL = YES;
				SWIFT_OPTIMIZATION_LEVEL = "-Onone";
			};
			name = Debug;
		};
		6047B6661BD158C900B87B23 /* Release */ = {
			isa = XCBuildConfiguration;
			buildSettings = {
				CLANG_ENABLE_MODULES = YES;
				DEFINES_MODULE = YES;
				DYLIB_COMPATIBILITY_VERSION = 1;
				DYLIB_CURRENT_VERSION = 1;
				DYLIB_INSTALL_NAME_BASE = "@rpath";
				INFOPLIST_FILE = SwiftUtils/Info.plist;
				INSTALL_PATH = "$(LOCAL_LIBRARY_DIR)/Frameworks";
				LD_RUNPATH_SEARCH_PATHS = "$(inherited) @executable_path/Frameworks @loader_path/Frameworks";
				PRODUCT_BUNDLE_IDENTIFIER = com.chaf.SwiftUtils;
				PRODUCT_NAME = "$(TARGET_NAME)";
				SKIP_INSTALL = YES;
			};
			name = Release;
		};
		6047B6681BD158C900B87B23 /* Debug */ = {
			isa = XCBuildConfiguration;
			buildSettings = {
				INFOPLIST_FILE = SwiftUtilsTests/Info.plist;
				LD_RUNPATH_SEARCH_PATHS = "$(inherited) @executable_path/Frameworks @loader_path/Frameworks";
				PRODUCT_BUNDLE_IDENTIFIER = com.chaf.SwiftUtilsTests;
				PRODUCT_NAME = "$(TARGET_NAME)";
			};
			name = Debug;
		};
		6047B6691BD158C900B87B23 /* Release */ = {
			isa = XCBuildConfiguration;
			buildSettings = {
				INFOPLIST_FILE = SwiftUtilsTests/Info.plist;
				LD_RUNPATH_SEARCH_PATHS = "$(inherited) @executable_path/Frameworks @loader_path/Frameworks";
				PRODUCT_BUNDLE_IDENTIFIER = com.chaf.SwiftUtilsTests;
				PRODUCT_NAME = "$(TARGET_NAME)";
			};
			name = Release;
		};
/* End XCBuildConfiguration section */

/* Begin XCConfigurationList section */
		6047B64A1BD158C900B87B23 /* Build configuration list for PBXProject "SwiftUtils" */ = {
			isa = XCConfigurationList;
			buildConfigurations = (
				6047B6621BD158C900B87B23 /* Debug */,
				6047B6631BD158C900B87B23 /* Release */,
			);
			defaultConfigurationIsVisible = 0;
			defaultConfigurationName = Release;
		};
		6047B6641BD158C900B87B23 /* Build configuration list for PBXNativeTarget "SwiftUtils" */ = {
			isa = XCConfigurationList;
			buildConfigurations = (
				6047B6651BD158C900B87B23 /* Debug */,
				6047B6661BD158C900B87B23 /* Release */,
			);
			defaultConfigurationIsVisible = 0;
			defaultConfigurationName = Release;
		};
		6047B6671BD158C900B87B23 /* Build configuration list for PBXNativeTarget "SwiftUtilsTests" */ = {
			isa = XCConfigurationList;
			buildConfigurations = (
				6047B6681BD158C900B87B23 /* Debug */,
				6047B6691BD158C900B87B23 /* Release */,
			);
			defaultConfigurationIsVisible = 0;
			defaultConfigurationName = Release;
		};
/* End XCConfigurationList section */
	};
	rootObject = 6047B6471BD158C900B87B23 /* Project object */;
}
